# This file was autogenerated by Stack.
# You should not edit this file by hand.
# For more information, please see the documentation at:
#   https://docs.haskellstack.org/en/stable/lock_files

packages:
- completed:
    hackage: cairo-0.13.8.0@sha256:9b64a376ebaa4f153bba5866a32291fd4bed48147009cce9158ce6533928eba8,4075
    pantry-tree:
      size: 2830
      sha256: 07aeb4b5eaa1d8201f67f4b8011aaf182ceb4e558066e59d482485fc02895994
  original:
    hackage: cairo-0.13.8.0
- completed:
    hackage: pango-0.13.8.0@sha256:690149ea2efb03c783937b69a5ec6ac854806146fd760e28e800634a6c2243c1,3897
    pantry-tree:
      size: 1506
      sha256: 328fc8a2e574379bfbc9b710270d3f6be7ed2c9bf5e10477a3256c0d2d362024
  original:
    hackage: pango-0.13.8.0
- completed:
    hackage: glib-0.13.8.0@sha256:97698bd054bad38756f3ef0220d7684f72e42660d261e9b118aa73419ce9207d,3136
    pantry-tree:
      size: 1625
      sha256: 1a9d5731f5a7e40da0e5a25e25fea9da259c720e8c0263da1c4836488b60b4c1
  original:
    hackage: glib-0.13.8.0
- completed:
    hackage: gtk2hs-buildtools-0.13.8.0@sha256:132f38155fc677430a47ea750918973161c876fb6f281d342ac2f07eb99229ce,5238
    pantry-tree:
      size: 3588
      sha256: 4552e3c0f2ef0f16285c38898d7e2b6aeea67d4e37cd203b0c82f70592096c45
  original:
    hackage: gtk2hs-buildtools-0.13.8.0
- completed:
    hackage: diagrams-cairo-1.4.1@sha256:e08f15a15146da9222344fbc433ccd6103c0a7f1e9dfe21bb1e3d3e36ad83947,3820
    pantry-tree:
      size: 721
      sha256: d046241de911d534c4b554d24090412cedeffb46e92cb5fb3884b5c667f5fc72
  original:
    hackage: diagrams-cairo-1.4.1
- completed:
    hackage: diagrams-lib-1.4.3@sha256:a0339e290e7b080a742afceb91831aa10b117038e1039ecdc7ddd3f1be456e89,8032
    pantry-tree:
      size: 11604
      sha256: 61e028d1c5d720538bc81631d53fa8db55ec9124fdec5e92875fa55663c19642
  original:
    hackage: diagrams-lib-1.4.3
- completed:
    hackage: diagrams-pgf-1.4.1.1@sha256:28f75832186dbfdf54713f23c408b165e62743ebd8dea1fdab2499700a24f44b,1996
    pantry-tree:
      size: 703
      sha256: 6b3db8f325aa74d717602ccd5a81adaffde06e1ecd15a4faa55b667083394c66
  original:
    hackage: diagrams-pgf-1.4.1.1
- completed:
    hackage: diagrams-contrib-1.4.4@sha256:df776e3e1f68ef92711b84a8259b93aeedd6c9c9bf5278c3eb7834a5c5a04064,4637
    pantry-tree:
      size: 11387
      sha256: fcbd070b29d216f2aae7322a85218cf299e72e633098c8991afccfa6e5baf2f0
  original:
    hackage: diagrams-contrib-1.4.4
- completed:
    hackage: texrunner-0.0.1.2@sha256:b8486e539db92bf1442c2f0dcc8ee60b5848628601b960b1fca93ff1d1ed687f,1881
    pantry-tree:
      size: 630
      sha256: 70ef7f2435ae962226d1565a18415f21dd1ae3fc12de6eed91b41bd18428bf8a
  original:
    hackage: texrunner-0.0.1.2
snapshots:
- completed:
    size: 524155
    url: https://raw.githubusercontent.com/commercialhaskell/stackage-snapshots/master/lts/14/19.yaml
    sha256: 9f79f6494473c9b46911364b94c4b5ef19ca8d35ebf62e46697cf651f198ee19
  original: lts-14.19
